
Microsoft Visual Studio Solution File, Format Version 12.00
# Visual Studio 15
Project("{FAE04EC0-301F-11D3-BF4B-00C04F79EFBC}") = "Assembly-CSharp-firstpass", "Assembly-CSharp-firstpass.csproj", "{B6451958-CD2A-D2C9-9255-AC5ED71A71EC}"
EndProject
Project("{FAE04EC0-301F-11D3-BF4B-00C04F79EFBC}") = "Assembly-CSharp-Editor-firstpass", "Assembly-CSharp-Editor-firstpass.csproj", "{F7255EBD-90B2-FB6C-8B25-5085EFCEACDA}"
EndProject
Global
	GlobalSection(SolutionConfigurationPlatforms) = preSolution
		Debug|Any CPU = Debug|Any CPU
		Release|Any CPU = Release|Any CPU
	EndGlobalSection
	GlobalSection(ProjectConfigurationPlatforms) = postSolution
		{B6451958-CD2A-D2C9-9255-AC5ED71A71EC}.Debug|Any CPU.ActiveCfg = Debug|Any CPU
		{B6451958-CD2A-D2C9-9255-AC5ED71A71EC}.Debug|Any CPU.Build.0 = Debug|Any CPU
		{B6451958-CD2A-D2C9-9255-AC5ED71A71EC}.Release|Any CPU.ActiveCfg = Release|Any CPU
		{B6451958-CD2A-D2C9-9255-AC5ED71A71EC}.Release|Any CPU.Build.0 = Release|Any CPU
		{F7255EBD-90B2-FB6C-8B25-5085EFCEACDA}.Debug|Any CPU.ActiveCfg = Debug|Any CPU
		{F7255EBD-90B2-FB6C-8B25-5085EFCEACDA}.Debug|Any CPU.Build.0 = Debug|Any CPU
		{F7255EBD-90B2-FB6C-8B25-5085EFCEACDA}.Release|Any CPU.ActiveCfg = Release|Any CPU
		{F7255EBD-90B2-FB6C-8B25-5085EFCEACDA}.Release|Any CPU.Build.0 = Release|Any CPU
	EndGlobalSection
	GlobalSection(SolutionProperties) = preSolution
		HideSolutionNode = FALSE
	EndGlobalSection
EndGlobal
